schema: '2.0'
stages:
  data_ingestion:
    cmd: python src/Kidney_Disease_Classification/pipeline/stage_01_data_ingestion.py
    deps:
    - path: config/config.yaml
      hash: md5
      md5: 90a5851bfd906e1c5a5c1838710aab57
      size: 632
    - path: src/Kidney_Disease_Classification/pipeline/stage_01_data_ingestion.py
      hash: md5
      md5: ddf08e3fbeaa1cf475add049756c9f16
      size: 1052
    outs:
    - path: artifacts/data_ingestion/CT-KIDNEY-DATASET-Normal-Cyst-Tumor-Stone
      hash: md5
      md5: ec42dfce2ae993cf49f6d499a389c93e.dir
      size: 1661580918
      nfiles: 12446
  prepare_base_model:
    cmd: python src/Kidney_Disease_Classification/pipeline/stage_02_prepare_base_model.py
    deps:
    - path: config/config.yaml
      hash: md5
      md5: 90a5851bfd906e1c5a5c1838710aab57
      size: 632
    - path: src/Kidney_Disease_Classification/pipeline/stage_02_prepare_base_model.py
      hash: md5
      md5: fb0bacc8b3aad4b8f57d7b0ed7aed83d
      size: 1081
    params:
      params.yaml:
        CLASSES: 4
        IMAGE_SIZE:
        - 224
        - 224
        - 3
        INCLUDE_TOP: false
        LEARNING_RATE: 0.001
        WEIGHTS: imagenet
    outs:
    - path: artifacts/prepare_base_model
      hash: md5
      md5: 28b3df3268a4a5c21d75ea07c288ffea.dir
      size: 118255264
      nfiles: 2
  training:
    cmd: python src/Kidney_Disease_Classification/pipeline/stage_03_model_training.py
    deps:
    - path: artifacts/data_ingestion/CT-KIDNEY-DATASET-Normal-Cyst-Tumor-Stone
      hash: md5
      md5: ec42dfce2ae993cf49f6d499a389c93e.dir
      size: 1661580918
      nfiles: 12446
    - path: artifacts/prepare_base_model
      hash: md5
      md5: c1d73c432259525dfe78ab098054369c.dir
      size: 118255264
      nfiles: 2
    - path: config/config.yaml
      hash: md5
      md5: 1b24ee521068a521ebacc6b5e2563c56
      size: 574
    - path: src/Kidney_Disease_Classification/pipeline/stage_03_model_training.py
      hash: md5
      md5: 74ee26d5a58e54f339590a0457c5f252
      size: 1026
    params:
      params.yaml:
        AUGMENTATION: true
        BATCH_SIZE: 32
        EPOCHS: 1
        IMAGE_SIZE:
        - 224
        - 224
        - 3
    outs:
    - path: artifacts/training/model.h5
      hash: md5
      md5: 57ef5102db177f87dc832d7bdc11a8d4
      size: 59738928
  evaluation:
    cmd: python src/Kidney_Disease_Classification/pipeline/stage_04_model_evaluation.py
    deps:
    - path: artifacts/data_ingestion/CT-KIDNEY-DATASET-Normal-Cyst-Tumor-Stone
      hash: md5
      md5: ec42dfce2ae993cf49f6d499a389c93e.dir
      size: 1661580918
      nfiles: 12446
    - path: artifacts/training/model.h5
      hash: md5
      md5: 57ef5102db177f87dc832d7bdc11a8d4
      size: 59738928
    - path: config/config.yaml
      hash: md5
      md5: 1b24ee521068a521ebacc6b5e2563c56
      size: 574
    - path: src/Kidney_Disease_Classification/pipeline/stage_04_model_evaluation.py
      hash: md5
      md5: f9b5e88ca07c7d21e68cf6ffcfb32077
      size: 1032
    params:
      params.yaml:
        BATCH_SIZE: 32
        IMAGE_SIZE:
        - 224
        - 224
        - 3
    outs:
    - path: scores.json
      hash: md5
      md5: 340cfac9616270bccfbd35b1f17617e6
      size: 72
